Microsoft Visual Studio Solution File, Format Version 12.00
# Visual Studio Version 16
VisualStudioVersion = 16.0.29613.14
MinimumVisualStudioVersion = 10.0.40219.1
Project("{9A19103F-16F7-4668-BE54-9A1E7A4F7556}") = "ApplicationCore", "src\ApplicationCore\ApplicationCore.csproj", "{BC13D0FB-CFF2-405D-AE04-E6A2411AE364}"
EndProject
Project("{9A19103F-16F7-4668-BE54-9A1E7A4F7556}") = "TorrentDownloadDispatcher", "src\TorrentDownloadDispatcher\TorrentDownloadDispatcher.csproj", "{EE222CB3-801C-4D00-884E-3072826B7F89}"
EndProject
Project("{9A19103F-16F7-4668-BE54-9A1E7A4F7556}") = "Infrastructure", "src\Infrastructure\Infrastructure.csproj", "{19596FE7-499E-4D5A-8074-E0FCB41CFF9A}"
EndProject
Project("{9A19103F-16F7-4668-BE54-9A1E7A4F7556}") = "MediatR", "..\MediatR\src\MediatR\MediatR.csproj", "{485EA23E-7719-454B-BD0A-2D40E4121626}"
EndProject
Project("{FAE04EC0-301F-11D3-BF4B-00C04F79EFBC}") = "Mediatr.ObservableExtentions", "Mediatr.ObservableExtentions\Mediatr.ObservableExtentions.csproj", "{1ED39FBD-C146-4203-89C9-0AAB590BB117}"
EndProject
Global
	GlobalSection(SolutionConfigurationPlatforms) = preSolution
		Debug|Any CPU = Debug|Any CPU
		Release|Any CPU = Release|Any CPU
	EndGlobalSection
	GlobalSection(ProjectConfigurationPlatforms) = postSolution
		{BC13D0FB-CFF2-405D-AE04-E6A2411AE364}.Debug|Any CPU.ActiveCfg = Debug|Any CPU
		{BC13D0FB-CFF2-405D-AE04-E6A2411AE364}.Debug|Any CPU.Build.0 = Debug|Any CPU
		{BC13D0FB-CFF2-405D-AE04-E6A2411AE364}.Release|Any CPU.ActiveCfg = Release|Any CPU
		{BC13D0FB-CFF2-405D-AE04-E6A2411AE364}.Release|Any CPU.Build.0 = Release|Any CPU
		{EE222CB3-801C-4D00-884E-3072826B7F89}.Debug|Any CPU.ActiveCfg = Debug|Any CPU
		{EE222CB3-801C-4D00-884E-3072826B7F89}.Debug|Any CPU.Build.0 = Debug|Any CPU
		{EE222CB3-801C-4D00-884E-3072826B7F89}.Release|Any CPU.ActiveCfg = Release|Any CPU
		{EE222CB3-801C-4D00-884E-3072826B7F89}.Release|Any CPU.Build.0 = Release|Any CPU
		{19596FE7-499E-4D5A-8074-E0FCB41CFF9A}.Debug|Any CPU.ActiveCfg = Debug|Any CPU
		{19596FE7-499E-4D5A-8074-E0FCB41CFF9A}.Debug|Any CPU.Build.0 = Debug|Any CPU
		{19596FE7-499E-4D5A-8074-E0FCB41CFF9A}.Release|Any CPU.ActiveCfg = Release|Any CPU
		{19596FE7-499E-4D5A-8074-E0FCB41CFF9A}.Release|Any CPU.Build.0 = Release|Any CPU
		{485EA23E-7719-454B-BD0A-2D40E4121626}.Debug|Any CPU.ActiveCfg = Debug|Any CPU
		{485EA23E-7719-454B-BD0A-2D40E4121626}.Debug|Any CPU.Build.0 = Debug|Any CPU
		{485EA23E-7719-454B-BD0A-2D40E4121626}.Release|Any CPU.ActiveCfg = Release|Any CPU
		{485EA23E-7719-454B-BD0A-2D40E4121626}.Release|Any CPU.Build.0 = Release|Any CPU
		{1ED39FBD-C146-4203-89C9-0AAB590BB117}.Debug|Any CPU.ActiveCfg = Debug|Any CPU
		{1ED39FBD-C146-4203-89C9-0AAB590BB117}.Debug|Any CPU.Build.0 = Debug|Any CPU
		{1ED39FBD-C146-4203-89C9-0AAB590BB117}.Release|Any CPU.ActiveCfg = Release|Any CPU
		{1ED39FBD-C146-4203-89C9-0AAB590BB117}.Release|Any CPU.Build.0 = Release|Any CPU
	EndGlobalSection
	GlobalSection(SolutionProperties) = preSolution
		HideSolutionNode = FALSE
	EndGlobalSection
	GlobalSection(ExtensibilityGlobals) = postSolution
		SolutionGuid = {5743AF84-424C-4762-A927-C865123C137A}
	EndGlobalSection
EndGlobal
