
Microsoft Visual Studio Solution File, Format Version 12.00
# Visual Studio 15
Project("{FAE04EC0-301F-11D3-BF4B-00C04F79EFBC}") = "ApplicationCore", "src\ApplicationCore\ApplicationCore.csproj", "{BC13D0FB-CFF2-405D-AE04-E6A2411AE364}"
EndProject
Project("{FAE04EC0-301F-11D3-BF4B-00C04F79EFBC}") = "TorrentDownloadDispatcher", "src\TorrentDownloadDispatcher\TorrentDownloadDispatcher.csproj", "{EE222CB3-801C-4D00-884E-3072826B7F89}"
EndProject
Project("{FAE04EC0-301F-11D3-BF4B-00C04F79EFBC}") = "Infrastructure", "src\Infrastructure\Infrastructure.csproj", "{19596FE7-499E-4D5A-8074-E0FCB41CFF9A}"
EndProject
Global
	GlobalSection(SolutionConfigurationPlatforms) = preSolution
		Debug|Any CPU = Debug|Any CPU
		Release|Any CPU = Release|Any CPU
	EndGlobalSection
	GlobalSection(ProjectConfigurationPlatforms) = postSolution
		{BC13D0FB-CFF2-405D-AE04-E6A2411AE364}.Debug|Any CPU.ActiveCfg = Debug|Any CPU
		{BC13D0FB-CFF2-405D-AE04-E6A2411AE364}.Debug|Any CPU.Build.0 = Debug|Any CPU
		{BC13D0FB-CFF2-405D-AE04-E6A2411AE364}.Release|Any CPU.ActiveCfg = Release|Any CPU
		{BC13D0FB-CFF2-405D-AE04-E6A2411AE364}.Release|Any CPU.Build.0 = Release|Any CPU
		{EE222CB3-801C-4D00-884E-3072826B7F89}.Debug|Any CPU.ActiveCfg = Debug|Any CPU
		{EE222CB3-801C-4D00-884E-3072826B7F89}.Debug|Any CPU.Build.0 = Debug|Any CPU
		{EE222CB3-801C-4D00-884E-3072826B7F89}.Release|Any CPU.ActiveCfg = Release|Any CPU
		{EE222CB3-801C-4D00-884E-3072826B7F89}.Release|Any CPU.Build.0 = Release|Any CPU
		{19596FE7-499E-4D5A-8074-E0FCB41CFF9A}.Debug|Any CPU.ActiveCfg = Debug|Any CPU
		{19596FE7-499E-4D5A-8074-E0FCB41CFF9A}.Debug|Any CPU.Build.0 = Debug|Any CPU
		{19596FE7-499E-4D5A-8074-E0FCB41CFF9A}.Release|Any CPU.ActiveCfg = Release|Any CPU
		{19596FE7-499E-4D5A-8074-E0FCB41CFF9A}.Release|Any CPU.Build.0 = Release|Any CPU
	EndGlobalSection
EndGlobal
